<?xml version="1.0" encoding="utf-8"?>
<Project ToolsVersion="17.0" xmlns="http://schemas.microsoft.com/developer/msbuild/2003">
  <ItemGroup>
    <ClCompile Include="..\..\Source\Game.Gen.cpp" />
    <ClInclude Include="..\..\Source\Game.Gen.h" />
    <Filter Include="Game">
      <UniqueIdentifier>{3915B6E3-9C31-4B3F-BE11-76636E52C3EB}</UniqueIdentifier>
    </Filter>
    <ClCompile Include="..\..\Source\Game\ExitOnEsc.cpp">
      <Filter>Game</Filter>
    </ClCompile>
    <ClInclude Include="..\..\Source\Game\ExitOnEsc.h">
      <Filter>Game</Filter>
    </ClInclude>
    <ClCompile Include="..\..\Source\Game\FreeCamera.cpp">
      <Filter>Game</Filter>
    </ClCompile>
    <ClInclude Include="..\..\Source\Game\FreeCamera.h">
      <Filter>Game</Filter>
    </ClInclude>
    <Filter Include="obj">
      <UniqueIdentifier>{16697B72-A854-44FE-9931-7E7BE0BD18D4}</UniqueIdentifier>
    </Filter>
    <None Include="..\..\Source\obj\Game.csproj.nuget.dgspec.json">
      <Filter>obj</Filter>
    </None>
    <None Include="..\..\Source\obj\Game.csproj.nuget.g.props">
      <Filter>obj</Filter>
    </None>
    <None Include="..\..\Source\obj\Game.csproj.nuget.g.targets">
      <Filter>obj</Filter>
    </None>
    <None Include="..\..\Source\obj\project.assets.json">
      <Filter>obj</Filter>
    </None>
    <None Include="..\..\Source\obj\project.nuget.cache">
      <Filter>obj</Filter>
    </None>
    <Filter Include="Properties">
      <UniqueIdentifier>{BD4BCB7A-BA4C-400E-9683-BE2CC4505F99}</UniqueIdentifier>
    </Filter>
    <None Include="..\..\Source\Properties\launchSettings.json">
      <Filter>Properties</Filter>
    </None>
  </ItemGroup>
</Project>
